dependencies:
  espressif/usb_host_cdc_acm:
    component_hash: 72cd608e75ac356dd617239edcb4b9a0a63bdce7eae0c64c7715db5108bce578
    dependencies:
    - name: idf
      require: private
      version: '>=4.4'
    source:
      registry_url: https://components.espressif.com
      type: service
    version: 2.1.0
  espressif/usb_host_ch34x_vcp:
    component_hash: d076daf3b772bf6f55983fa0a42641be51696da4a792668c37bcdc18ce70047a
    dependencies:
    - name: espressif/usb_host_cdc_acm
      registry_url: https://components.espressif.com
      require: public
      version: ^2.1.0
    - name: idf
      require: private
      version: '>=4.4'
    source:
      registry_url: https://components.espressif.com/
      type: service
    version: 2.1.0
  espressif/usb_host_cp210x_vcp:
    component_hash: d8f33825476a6ebb2c5c12dc69f94a0bcd0fa418d1370af886a20bdc31cce952
    dependencies:
    - name: espressif/usb_host_cdc_acm
      registry_url: https://components.espressif.com
      require: public
      version: ^2.1.0
    - name: idf
      require: private
      version: '>=4.4'
    source:
      registry_url: https://components.espressif.com/
      type: service
    version: 2.1.0
  espressif/usb_host_ftdi_vcp:
    component_hash: a24180724b8d7fdf01b920b6baebd01057d52d1a4ae5bf7ce009963cc24ebb42
    dependencies:
    - name: idf
      require: private
      version: '>=4.4'
    - name: espressif/usb_host_cdc_acm
      registry_url: https://components.espressif.com
      require: public
      version: ^2.0.0
    source:
      registry_url: https://components.espressif.com/
      type: service
    version: 2.0.0
  espressif/usb_host_vcp:
    component_hash: 99b3ad314fa966cb32970e468625672994e259c69c7c668d9c0a13d65993a0e7
    dependencies:
    - name: espressif/usb_host_cdc_acm
      registry_url: https://components.espressif.com
      require: public
      version: '>=1.0.4,<3.0.0'
    - name: idf
      require: private
      version: '>=4.4'
    source:
      registry_url: https://components.espressif.com/
      type: service
    version: 1.0.0~5
  idf:
    source:
      type: idf
    version: 5.4.1
direct_dependencies:
- espressif/usb_host_ch34x_vcp
- espressif/usb_host_cp210x_vcp
- espressif/usb_host_ftdi_vcp
- espressif/usb_host_vcp
- idf
manifest_hash: fadb095e1fdb5b54aac297047fdd1137157ffe413ed0d14e4941dc50d87fb972
target: esp32s3
version: 2.0.0
